# This file is automatically @generated by Cargo.
# It is not intended for manual editing.
version = 3

[[package]]
name = "arrayvec"
version = "0.7.2"
source = "registry+https://github.com/rust-lang/crates.io-index"
checksum = "8da52d66c7071e2e3fa2a1e5c6d088fec47b593032b254f5e980de8ea54454d6"

[[package]]
name = "blackmarlin"
version = "0.1.0"
dependencies = [
 "arrayvec",
 "cfg-if",
 "cozy-chess",
]

[[package]]
name = "cfg-if"
version = "1.0.0"
source = "registry+https://github.com/rust-lang/crates.io-index"
checksum = "baf1de4339761588bc0619e3cbc0120ee582ebb74b53b4efbf79117bd2da40fd"

[[package]]
name = "cozy-chess"
version = "0.3.1"
source = "registry+https://github.com/rust-lang/crates.io-index"
checksum = "259f73da7eb1a8537c40e361aa93cfa3dc15d75a88f12fdff639892785e1d3b9"
dependencies = [
 "cozy-chess-types",
]

[[package]]
name = "cozy-chess-types"
version = "0.2.1"
source = "registry+https://github.com/rust-lang/crates.io-index"
checksum = "6f4a557c6659b8705d301732f473c9a61659c740ffda3e3485e79d1d4b7a1e12"
